// !$*UTF8*$!
{
	archiveVersion = 1;
	classes = {
	};
	objectVersion = 50;
	objects = {

/* Begin PBXBuildFile section */
		862D98512481F9260013331F /* AppDelegate.swift in Sources */ = {isa = PBXBuildFile; fileRef = 862D98502481F9260013331F /* AppDelegate.swift */; };
		862D98532481F9260013331F /* ViewController.swift in Sources */ = {isa = PBXBuildFile; fileRef = 862D98522481F9260013331F /* ViewController.swift */; };
		862D98562481F9260013331F /* Main.storyboard in Resources */ = {isa = PBXBuildFile; fileRef = 862D98542481F9260013331F /* Main.storyboard */; };
		862D98582481F92C0013331F /* Assets.xcassets in Resources */ = {isa = PBXBuildFile; fileRef = 862D98572481F92C0013331F /* Assets.xcassets */; };
		862D985B2481F92C0013331F /* LaunchScreen.storyboard in Resources */ = {isa = PBXBuildFile; fileRef = 862D98592481F92C0013331F /* LaunchScreen.storyboard */; };
		862D98662481F92D0013331F /* QuizAppTests.swift in Sources */ = {isa = PBXBuildFile; fileRef = 862D98652481F92D0013331F /* QuizAppTests.swift */; };
		862D98712481F92D0013331F /* QuizAppUITests.swift in Sources */ = {isa = PBXBuildFile; fileRef = 862D98702481F92D0013331F /* QuizAppUITests.swift */; };
		862D98802481FAE50013331F /* SecondViewController.swift in Sources */ = {isa = PBXBuildFile; fileRef = 862D987E2481FAE50013331F /* SecondViewController.swift */; };
		862D98812481FAE50013331F /* SecondViewController.xib in Resources */ = {isa = PBXBuildFile; fileRef = 862D987F2481FAE50013331F /* SecondViewController.xib */; };
		862D98842481FDD00013331F /* SecondQuestionViewController.swift in Sources */ = {isa = PBXBuildFile; fileRef = 862D98822481FDD00013331F /* SecondQuestionViewController.swift */; };
		862D98852481FDD00013331F /* SecondQuestionViewController.xib in Resources */ = {isa = PBXBuildFile; fileRef = 862D98832481FDD00013331F /* SecondQuestionViewController.xib */; };
		862D98882482025D0013331F /* ThirdQuestionViewController.swift in Sources */ = {isa = PBXBuildFile; fileRef = 862D98862482025D0013331F /* ThirdQuestionViewController.swift */; };
		862D98892482025D0013331F /* ThirdQuestionViewController.xib in Resources */ = {isa = PBXBuildFile; fileRef = 862D98872482025D0013331F /* ThirdQuestionViewController.xib */; };
		862D988C248205F30013331F /* ScoreViewController.swift in Sources */ = {isa = PBXBuildFile; fileRef = 862D988A248205F30013331F /* ScoreViewController.swift */; };
		862D988D248205F30013331F /* ScoreViewController.xib in Resources */ = {isa = PBXBuildFile; fileRef = 862D988B248205F30013331F /* ScoreViewController.xib */; };
		865187872486340B00965F59 /* ScoreCountManager.swift in Sources */ = {isa = PBXBuildFile; fileRef = 865187862486340B00965F59 /* ScoreCountManager.swift */; };
/* End PBXBuildFile section */

/* Begin PBXContainerItemProxy section */
		862D98622481F92D0013331F /* PBXContainerItemProxy */ = {
			isa = PBXContainerItemProxy;
			containerPortal = 862D98452481F9260013331F /* Project object */;
			proxyType = 1;
			remoteGlobalIDString = 862D984C2481F9260013331F;
			remoteInfo = QuizApp;
		};
		862D986D2481F92D0013331F /* PBXContainerItemProxy */ = {
			isa = PBXContainerItemProxy;
			containerPortal = 862D98452481F9260013331F /* Project object */;
			proxyType = 1;
			remoteGlobalIDString = 862D984C2481F9260013331F;
			remoteInfo = QuizApp;
		};
/* End PBXContainerItemProxy section */

/* Begin PBXFileReference section */
		862D984D2481F9260013331F /* QuizApp.app */ = {isa = PBXFileReference; explicitFileType = wrapper.application; includeInIndex = 0; path = QuizApp.app; sourceTree = BUILT_PRODUCTS_DIR; };
		862D98502481F9260013331F /* AppDelegate.swift */ = {isa = PBXFileReference; lastKnownFileType = sourcecode.swift; path = AppDelegate.swift; sourceTree = "<group>"; };
		862D98522481F9260013331F /* ViewController.swift */ = {isa = PBXFileReference; lastKnownFileType = sourcecode.swift; path = ViewController.swift; sourceTree = "<group>"; };
		862D98552481F9260013331F /* Base */ = {isa = PBXFileReference; lastKnownFileType = file.storyboard; name = Base; path = Base.lproj/Main.storyboard; sourceTree = "<group>"; };
		862D98572481F92C0013331F /* Assets.xcassets */ = {isa = PBXFileReference; lastKnownFileType = folder.assetcatalog; path = Assets.xcassets; sourceTree = "<group>"; };
		862D985A2481F92C0013331F /* Base */ = {isa = PBXFileReference; lastKnownFileType = file.storyboard; name = Base; path = Base.lproj/LaunchScreen.storyboard; sourceTree = "<group>"; };
		862D985C2481F92C0013331F /* Info.plist */ = {isa = PBXFileReference; lastKnownFileType = text.plist.xml; path = Info.plist; sourceTree = "<group>"; };
		862D98612481F92D0013331F /* QuizAppTests.xctest */ = {isa = PBXFileReference; explicitFileType = wrapper.cfbundle; includeInIndex = 0; path = QuizAppTests.xctest; sourceTree = BUILT_PRODUCTS_DIR; };
		862D98652481F92D0013331F /* QuizAppTests.swift */ = {isa = PBXFileReference; lastKnownFileType = sourcecode.swift; path = QuizAppTests.swift; sourceTree = "<group>"; };
		862D98672481F92D0013331F /* Info.plist */ = {isa = PBXFileReference; lastKnownFileType = text.plist.xml; path = Info.plist; sourceTree = "<group>"; };
		862D986C2481F92D0013331F /* QuizAppUITests.xctest */ = {isa = PBXFileReference; explicitFileType = wrapper.cfbundle; includeInIndex = 0; path = QuizAppUITests.xctest; sourceTree = BUILT_PRODUCTS_DIR; };
		862D98702481F92D0013331F /* QuizAppUITests.swift */ = {isa = PBXFileReference; lastKnownFileType = sourcecode.swift; path = QuizAppUITests.swift; sourceTree = "<group>"; };
		862D98722481F92D0013331F /* Info.plist */ = {isa = PBXFileReference; lastKnownFileType = text.plist.xml; path = Info.plist; sourceTree = "<group>"; };
		862D987E2481FAE50013331F /* SecondViewController.swift */ = {isa = PBXFileReference; lastKnownFileType = sourcecode.swift; path = SecondViewController.swift; sourceTree = "<group>"; };
		862D987F2481FAE50013331F /* SecondViewController.xib */ = {isa = PBXFileReference; lastKnownFileType = file.xib; path = SecondViewController.xib; sourceTree = "<group>"; };
		862D98822481FDD00013331F /* SecondQuestionViewController.swift */ = {isa = PBXFileReference; lastKnownFileType = sourcecode.swift; path = SecondQuestionViewController.swift; sourceTree = "<group>"; };
		862D98832481FDD00013331F /* SecondQuestionViewController.xib */ = {isa = PBXFileReference; lastKnownFileType = file.xib; path = SecondQuestionViewController.xib; sourceTree = "<group>"; };
		862D98862482025D0013331F /* ThirdQuestionViewController.swift */ = {isa = PBXFileReference; lastKnownFileType = sourcecode.swift; path = ThirdQuestionViewController.swift; sourceTree = "<group>"; };
		862D98872482025D0013331F /* ThirdQuestionViewController.xib */ = {isa = PBXFileReference; lastKnownFileType = file.xib; path = ThirdQuestionViewController.xib; sourceTree = "<group>"; };
		862D988A248205F30013331F /* ScoreViewController.swift */ = {isa = PBXFileReference; lastKnownFileType = sourcecode.swift; path = ScoreViewController.swift; sourceTree = "<group>"; };
		862D988B248205F30013331F /* ScoreViewController.xib */ = {isa = PBXFileReference; lastKnownFileType = file.xib; path = ScoreViewController.xib; sourceTree = "<group>"; };
		865187862486340B00965F59 /* ScoreCountManager.swift */ = {isa = PBXFileReference; lastKnownFileType = sourcecode.swift; path = ScoreCountManager.swift; sourceTree = "<group>"; };
/* End PBXFileReference section */

/* Begin PBXFrameworksBuildPhase section */
		862D984A2481F9260013331F /* Frameworks */ = {
			isa = PBXFrameworksBuildPhase;
			buildActionMask = 2147483647;
			files = (
			);
			runOnlyForDeploymentPostprocessing = 0;
		};
		862D985E2481F92D0013331F /* Frameworks */ = {
			isa = PBXFrameworksBuildPhase;
			buildActionMask = 2147483647;
			files = (
			);
			runOnlyForDeploymentPostprocessing = 0;
		};
		862D98692481F92D0013331F /* Frameworks */ = {
			isa = PBXFrameworksBuildPhase;
			buildActionMask = 2147483647;
			files = (
			);
			runOnlyForDeploymentPostprocessing = 0;
		};
/* End PBXFrameworksBuildPhase section */

/* Begin PBXGroup section */
		862D98442481F9260013331F = {
			isa = PBXGroup;
			children = (
				862D984F2481F9260013331F /* QuizApp */,
				862D98642481F92D0013331F /* QuizAppTests */,
				862D986F2481F92D0013331F /* QuizAppUITests */,
				862D984E2481F9260013331F /* Products */,
			);
			sourceTree = "<group>";
		};
		862D984E2481F9260013331F /* Products */ = {
			isa = PBXGroup;
			children = (
				862D984D2481F9260013331F /* QuizApp.app */,
				862D98612481F92D0013331F /* QuizAppTests.xctest */,
				862D986C2481F92D0013331F /* QuizAppUITests.xctest */,
			);
			name = Products;
			sourceTree = "<group>";
		};
		862D984F2481F9260013331F /* QuizApp */ = {
			isa = PBXGroup;
			children = (
				862D98502481F9260013331F /* AppDelegate.swift */,
				862D98522481F9260013331F /* ViewController.swift */,
				862D98542481F9260013331F /* Main.storyboard */,
				862D987E2481FAE50013331F /* SecondViewController.swift */,
				862D987F2481FAE50013331F /* SecondViewController.xib */,
				862D98822481FDD00013331F /* SecondQuestionViewController.swift */,
				862D98832481FDD00013331F /* SecondQuestionViewController.xib */,
				862D98862482025D0013331F /* ThirdQuestionViewController.swift */,
				862D98872482025D0013331F /* ThirdQuestionViewController.xib */,
				862D988A248205F30013331F /* ScoreViewController.swift */,
				862D988B248205F30013331F /* ScoreViewController.xib */,
				865187862486340B00965F59 /* ScoreCountManager.swift */,
				862D98572481F92C0013331F /* Assets.xcassets */,
				862D98592481F92C0013331F /* LaunchScreen.storyboard */,
				862D985C2481F92C0013331F /* Info.plist */,
			);
			path = QuizApp;
			sourceTree = "<group>";
		};
		862D98642481F92D0013331F /* QuizAppTests */ = {
			isa = PBXGroup;
			children = (
				862D98652481F92D0013331F /* QuizAppTests.swift */,
				862D98672481F92D0013331F /* Info.plist */,
			);
			path = QuizAppTests;
			sourceTree = "<group>";
		};
		862D986F2481F92D0013331F /* QuizAppUITests */ = {
			isa = PBXGroup;
			children = (
				862D98702481F92D0013331F /* QuizAppUITests.swift */,
				862D98722481F92D0013331F /* Info.plist */,
			);
			path = QuizAppUITests;
			sourceTree = "<group>";
		};
/* End PBXGroup section */

/* Begin PBXNativeTarget section */
		862D984C2481F9260013331F /* QuizApp */ = {
			isa = PBXNativeTarget;
			buildConfigurationList = 862D98752481F92E0013331F /* Build configuration list for PBXNativeTarget "QuizApp" */;
			buildPhases = (
				862D98492481F9260013331F /* Sources */,
				862D984A2481F9260013331F /* Frameworks */,
				862D984B2481F9260013331F /* Resources */,
			);
			buildRules = (
			);
			dependencies = (
			);
			name = QuizApp;
			productName = QuizApp;
			productReference = 862D984D2481F9260013331F /* QuizApp.app */;
			productType = "com.apple.product-type.application";
		};
		862D98602481F92D0013331F /* QuizAppTests */ = {
			isa = PBXNativeTarget;
			buildConfigurationList = 862D98782481F92E0013331F /* Build configuration list for PBXNativeTarget "QuizAppTests" */;
			buildPhases = (
				862D985D2481F92D0013331F /* Sources */,
				862D985E2481F92D0013331F /* Frameworks */,
				862D985F2481F92D0013331F /* Resources */,
			);
			buildRules = (
			);
			dependencies = (
				862D98632481F92D0013331F /* PBXTargetDependency */,
			);
			name = QuizAppTests;
			productName = QuizAppTests;
			productReference = 862D98612481F92D0013331F /* QuizAppTests.xctest */;
			productType = "com.apple.product-type.bundle.unit-test";
		};
		862D986B2481F92D0013331F /* QuizAppUITests */ = {
			isa = PBXNativeTarget;
			buildConfigurationList = 862D987B2481F92E0013331F /* Build configuration list for PBXNativeTarget "QuizAppUITests" */;
			buildPhases = (
				862D98682481F92D0013331F /* Sources */,
				862D98692481F92D0013331F /* Frameworks */,
				862D986A2481F92D0013331F /* Resources */,
			);
			buildRules = (
			);
			dependencies = (
				862D986E2481F92D0013331F /* PBXTargetDependency */,
			);
			name = QuizAppUITests;
			productName = QuizAppUITests;
			productReference = 862D986C2481F92D0013331F /* QuizAppUITests.xctest */;
			productType = "com.apple.product-type.bundle.ui-testing";
		};
/* End PBXNativeTarget section */

/* Begin PBXProject section */
		862D98452481F9260013331F /* Project object */ = {
			isa = PBXProject;
			attributes = {
				LastSwiftUpdateCheck = 1010;
				LastUpgradeCheck = 1010;
				ORGANIZATIONNAME = "鈴木 啓太";
				TargetAttributes = {
					862D984C2481F9260013331F = {
						CreatedOnToolsVersion = 10.1;
					};
					862D98602481F92D0013331F = {
						CreatedOnToolsVersion = 10.1;
						TestTargetID = 862D984C2481F9260013331F;
					};
					862D986B2481F92D0013331F = {
						CreatedOnToolsVersion = 10.1;
						TestTargetID = 862D984C2481F9260013331F;
					};
				};
			};
			buildConfigurationList = 862D98482481F9260013331F /* Build configuration list for PBXProject "QuizApp" */;
			compatibilityVersion = "Xcode 9.3";
			developmentRegion = en;
			hasScannedForEncodings = 0;
			knownRegions = (
				en,
				Base,
			);
			mainGroup = 862D98442481F9260013331F;
			productRefGroup = 862D984E2481F9260013331F /* Products */;
			projectDirPath = "";
			projectRoot = "";
			targets = (
				862D984C2481F9260013331F /* QuizApp */,
				862D98602481F92D0013331F /* QuizAppTests */,
				862D986B2481F92D0013331F /* QuizAppUITests */,
			);
		};
/* End PBXProject section */

/* Begin PBXResourcesBuildPhase section */
		862D984B2481F9260013331F /* Resources */ = {
			isa = PBXResourcesBuildPhase;
			buildActionMask = 2147483647;
			files = (
				862D98812481FAE50013331F /* SecondViewController.xib in Resources */,
				862D985B2481F92C0013331F /* LaunchScreen.storyboard in Resources */,
				862D98892482025D0013331F /* ThirdQuestionViewController.xib in Resources */,
				862D98582481F92C0013331F /* Assets.xcassets in Resources */,
				862D988D248205F30013331F /* ScoreViewController.xib in Resources */,
				862D98852481FDD00013331F /* SecondQuestionViewController.xib in Resources */,
				862D98562481F9260013331F /* Main.storyboard in Resources */,
			);
			runOnlyForDeploymentPostprocessing = 0;
		};
		862D985F2481F92D0013331F /* Resources */ = {
			isa = PBXResourcesBuildPhase;
			buildActionMask = 2147483647;
			files = (
			);
			runOnlyForDeploymentPostprocessing = 0;
		};
		862D986A2481F92D0013331F /* Resources */ = {
			isa = PBXResourcesBuildPhase;
			buildActionMask = 2147483647;
			files = (
			);
			runOnlyForDeploymentPostprocessing = 0;
		};
/* End PBXResourcesBuildPhase section */

/* Begin PBXSourcesBuildPhase section */
		862D98492481F9260013331F /* Sources */ = {
			isa = PBXSourcesBuildPhase;
			buildActionMask = 2147483647;
			files = (
				862D98842481FDD00013331F /* SecondQuestionViewController.swift in Sources */,
				862D98802481FAE50013331F /* SecondViewController.swift in Sources */,
				865187872486340B00965F59 /* ScoreCountManager.swift in Sources */,
				862D98882482025D0013331F /* ThirdQuestionViewController.swift in Sources */,
				862D98532481F9260013331F /* ViewController.swift in Sources */,
				862D98512481F9260013331F /* AppDelegate.swift in Sources */,
				862D988C248205F30013331F /* ScoreViewController.swift in Sources */,
			);
			runOnlyForDeploymentPostprocessing = 0;
		};
		862D985D2481F92D0013331F /* Sources */ = {
			isa = PBXSourcesBuildPhase;
			buildActionMask = 2147483647;
			files = (
				862D98662481F92D0013331F /* QuizAppTests.swift in Sources */,
			);
			runOnlyForDeploymentPostprocessing = 0;
		};
		862D98682481F92D0013331F /* Sources */ = {
			isa = PBXSourcesBuildPhase;
			buildActionMask = 2147483647;
			files = (
				862D98712481F92D0013331F /* QuizAppUITests.swift in Sources */,
			);
			runOnlyForDeploymentPostprocessing = 0;
		};
/* End PBXSourcesBuildPhase section */

/* Begin PBXTargetDependency section */
		862D98632481F92D0013331F /* PBXTargetDependency */ = {
			isa = PBXTargetDependency;
			target = 862D984C2481F9260013331F /* QuizApp */;
			targetProxy = 862D98622481F92D0013331F /* PBXContainerItemProxy */;
		};
		862D986E2481F92D0013331F /* PBXTargetDependency */ = {
			isa = PBXTargetDependency;
			target = 862D984C2481F9260013331F /* QuizApp */;
			targetProxy = 862D986D2481F92D0013331F /* PBXContainerItemProxy */;
		};
/* End PBXTargetDependency section */

/* Begin PBXVariantGroup section */
		862D98542481F9260013331F /* Main.storyboard */ = {
			isa = PBXVariantGroup;
			children = (
				862D98552481F9260013331F /* Base */,
			);
			name = Main.storyboard;
			sourceTree = "<group>";
		};
		862D98592481F92C0013331F /* LaunchScreen.storyboard */ = {
			isa = PBXVariantGroup;
			children = (
				862D985A2481F92C0013331F /* Base */,
			);
			name = LaunchScreen.storyboard;
			sourceTree = "<group>";
		};
/* End PBXVariantGroup section */

/* Begin XCBuildConfiguration section */
		862D98732481F92D0013331F /* Debug */ = {
			isa = XCBuildConfiguration;
			buildSettings = {
				ALWAYS_SEARCH_USER_PATHS = NO;
				CLANG_ANALYZER_NONNULL = YES;
				CLANG_ANALYZER_NUMBER_OBJECT_CONVERSION = YES_AGGRESSIVE;
				CLANG_CXX_LANGUAGE_STANDARD = "gnu++14";
				CLANG_CXX_LIBRARY = "libc++";
				CLANG_ENABLE_MODULES = YES;
				CLANG_ENABLE_OBJC_ARC = YES;
				CLANG_ENABLE_OBJC_WEAK = YES;
				CLANG_WARN_BLOCK_CAPTURE_AUTORELEASING = YES;
				CLANG_WARN_BOOL_CONVERSION = YES;
				CLANG_WARN_COMMA = YES;
				CLANG_WARN_CONSTANT_CONVERSION = YES;
				CLANG_WARN_DEPRECATED_OBJC_IMPLEMENTATIONS = YES;
				CLANG_WARN_DIRECT_OBJC_ISA_USAGE = YES_ERROR;
				CLANG_WARN_DOCUMENTATION_COMMENTS = YES;
				CLANG_WARN_EMPTY_BODY = YES;
				CLANG_WARN_ENUM_CONVERSION = YES;
				CLANG_WARN_INFINITE_RECURSION = YES;
				CLANG_WARN_INT_CONVERSION = YES;
				CLANG_WARN_NON_LITERAL_NULL_CONVERSION = YES;
				CLANG_WARN_OBJC_IMPLICIT_RETAIN_SELF = YES;
				CLANG_WARN_OBJC_LITERAL_CONVERSION = YES;
				CLANG_WARN_OBJC_ROOT_CLASS = YES_ERROR;
				CLANG_WARN_RANGE_LOOP_ANALYSIS = YES;
				CLANG_WARN_STRICT_PROTOTYPES = YES;
				CLANG_WARN_SUSPICIOUS_MOVE = YES;
				CLANG_WARN_UNGUARDED_AVAILABILITY = YES_AGGRESSIVE;
				CLANG_WARN_UNREACHABLE_CODE = YES;
				CLANG_WARN__DUPLICATE_METHOD_MATCH = YES;
				CODE_SIGN_IDENTITY = "iPhone Developer";
				COPY_PHASE_STRIP = NO;
				DEBUG_INFORMATION_FORMAT = dwarf;
				ENABLE_STRICT_OBJC_MSGSEND = YES;
				ENABLE_TESTABILITY = YES;
				GCC_C_LANGUAGE_STANDARD = gnu11;
				GCC_DYNAMIC_NO_PIC = NO;
				GCC_NO_COMMON_BLOCKS = YES;
				GCC_OPTIMIZATION_LEVEL = 0;
				GCC_PREPROCESSOR_DEFINITIONS = (
					"DEBUG=1",
					"$(inherited)",
				);
				GCC_WARN_64_TO_32_BIT_CONVERSION = YES;
				GCC_WARN_ABOUT_RETURN_TYPE = YES_ERROR;
				GCC_WARN_UNDECLARED_SELECTOR = YES;
				GCC_WARN_UNINITIALIZED_AUTOS = YES_AGGRESSIVE;
				GCC_WARN_UNUSED_FUNCTION = YES;
				GCC_WARN_UNUSED_VARIABLE = YES;
				IPHONEOS_DEPLOYMENT_TARGET = 12.1;
				MTL_ENABLE_DEBUG_INFO = INCLUDE_SOURCE;
				MTL_FAST_MATH = YES;
				ONLY_ACTIVE_ARCH = YES;
				SDKROOT = iphoneos;
				SWIFT_ACTIVE_COMPILATION_CONDITIONS = DEBUG;
				SWIFT_OPTIMIZATION_LEVEL = "-Onone";
			};
			name = Debug;
		};
		862D98742481F92E0013331F /* Release */ = {
			isa = XCBuildConfiguration;
			buildSettings = {
				ALWAYS_SEARCH_USER_PATHS = NO;
				CLANG_ANALYZER_NONNULL = YES;
				CLANG_ANALYZER_NUMBER_OBJECT_CONVERSION = YES_AGGRESSIVE;
				CLANG_CXX_LANGUAGE_STANDARD = "gnu++14";
				CLANG_CXX_LIBRARY = "libc++";
				CLANG_ENABLE_MODULES = YES;
				CLANG_ENABLE_OBJC_ARC = YES;
				CLANG_ENABLE_OBJC_WEAK = YES;
				CLANG_WARN_BLOCK_CAPTURE_AUTORELEASING = YES;
				CLANG_WARN_BOOL_CONVERSION = YES;
				CLANG_WARN_COMMA = YES;
				CLANG_WARN_CONSTANT_CONVERSION = YES;
				CLANG_WARN_DEPRECATED_OBJC_IMPLEMENTATIONS = YES;
				CLANG_WARN_DIRECT_OBJC_ISA_USAGE = YES_ERROR;
				CLANG_WARN_DOCUMENTATION_COMMENTS = YES;
				CLANG_WARN_EMPTY_BODY = YES;
				CLANG_WARN_ENUM_CONVERSION = YES;
				CLANG_WARN_INFINITE_RECURSION = YES;
				CLANG_WARN_INT_CONVERSION = YES;
				CLANG_WARN_NON_LITERAL_NULL_CONVERSION = YES;
				CLANG_WARN_OBJC_IMPLICIT_RETAIN_SELF = YES;
				CLANG_WARN_OBJC_LITERAL_CONVERSION = YES;
				CLANG_WARN_OBJC_ROOT_CLASS = YES_ERROR;
				CLANG_WARN_RANGE_LOOP_ANALYSIS = YES;
				CLANG_WARN_STRICT_PROTOTYPES = YES;
				CLANG_WARN_SUSPICIOUS_MOVE = YES;
				CLANG_WARN_UNGUARDED_AVAILABILITY = YES_AGGRESSIVE;
				CLANG_WARN_UNREACHABLE_CODE = YES;
				CLANG_WARN__DUPLICATE_METHOD_MATCH = YES;
				CODE_SIGN_IDENTITY = "iPhone Developer";
				COPY_PHASE_STRIP = NO;
				DEBUG_INFORMATION_FORMAT = "dwarf-with-dsym";
				ENABLE_NS_ASSERTIONS = NO;
				ENABLE_STRICT_OBJC_MSGSEND = YES;
				GCC_C_LANGUAGE_STANDARD = gnu11;
				GCC_NO_COMMON_BLOCKS = YES;
				GCC_WARN_64_TO_32_BIT_CONVERSION = YES;
				GCC_WARN_ABOUT_RETURN_TYPE = YES_ERROR;
				GCC_WARN_UNDECLARED_SELECTOR = YES;
				GCC_WARN_UNINITIALIZED_AUTOS = YES_AGGRESSIVE;
				GCC_WARN_UNUSED_FUNCTION = YES;
				GCC_WARN_UNUSED_VARIABLE = YES;
				IPHONEOS_DEPLOYMENT_TARGET = 12.1;
				MTL_ENABLE_DEBUG_INFO = NO;
				MTL_FAST_MATH = YES;
				SDKROOT = iphoneos;
				SWIFT_COMPILATION_MODE = wholemodule;
				SWIFT_OPTIMIZATION_LEVEL = "-O";
				VALIDATE_PRODUCT = YES;
			};
			name = Release;
		};
		862D98762481F92E0013331F /* Debug */ = {
			isa = XCBuildConfiguration;
			buildSettings = {
				ASSETCATALOG_COMPILER_APPICON_NAME = AppIcon;
				CODE_SIGN_STYLE = Automatic;
				DEVELOPMENT_TEAM = QCQB8X6PBG;
				INFOPLIST_FILE = QuizApp/Info.plist;
				LD_RUNPATH_SEARCH_PATHS = (
					"$(inherited)",
					"@executable_path/Frameworks",
				);
				PRODUCT_BUNDLE_IDENTIFIER = ada.QuizApp;
				PRODUCT_NAME = "$(TARGET_NAME)";
				SWIFT_VERSION = 4.2;
				TARGETED_DEVICE_FAMILY = "1,2";
			};
			name = Debug;
		};
		862D98772481F92E0013331F /* Release */ = {
			isa = XCBuildConfiguration;
			buildSettings = {
				ASSETCATALOG_COMPILER_APPICON_NAME = AppIcon;
				CODE_SIGN_STYLE = Automatic;
				DEVELOPMENT_TEAM = QCQB8X6PBG;
				INFOPLIST_FILE = QuizApp/Info.plist;
				LD_RUNPATH_SEARCH_PATHS = (
					"$(inherited)",
					"@executable_path/Frameworks",
				);
				PRODUCT_BUNDLE_IDENTIFIER = ada.QuizApp;
				PRODUCT_NAME = "$(TARGET_NAME)";
				SWIFT_VERSION = 4.2;
				TARGETED_DEVICE_FAMILY = "1,2";
			};
			name = Release;
		};
		862D98792481F92E0013331F /* Debug */ = {
			isa = XCBuildConfiguration;
			buildSettings = {
				ALWAYS_EMBED_SWIFT_STANDARD_LIBRARIES = YES;
				BUNDLE_LOADER = "$(TEST_HOST)";
				CODE_SIGN_STYLE = Automatic;
				DEVELOPMENT_TEAM = QCQB8X6PBG;
				INFOPLIST_FILE = QuizAppTests/Info.plist;
				LD_RUNPATH_SEARCH_PATHS = (
					"$(inherited)",
					"@executable_path/Frameworks",
					"@loader_path/Frameworks",
				);
				PRODUCT_BUNDLE_IDENTIFIER = ada.QuizAppTests;
				PRODUCT_NAME = "$(TARGET_NAME)";
				SWIFT_VERSION = 4.2;
				TARGETED_DEVICE_FAMILY = "1,2";
				TEST_HOST = "$(BUILT_PRODUCTS_DIR)/QuizApp.app/QuizApp";
			};
			name = Debug;
		};
		862D987A2481F92E0013331F /* Release */ = {
			isa = XCBuildConfiguration;
			buildSettings = {
				ALWAYS_EMBED_SWIFT_STANDARD_LIBRARIES = YES;
				BUNDLE_LOADER = "$(TEST_HOST)";
				CODE_SIGN_STYLE = Automatic;
				DEVELOPMENT_TEAM = QCQB8X6PBG;
				INFOPLIST_FILE = QuizAppTests/Info.plist;
				LD_RUNPATH_SEARCH_PATHS = (
					"$(inherited)",
					"@executable_path/Frameworks",
					"@loader_path/Frameworks",
				);
				PRODUCT_BUNDLE_IDENTIFIER = ada.QuizAppTests;
				PRODUCT_NAME = "$(TARGET_NAME)";
				SWIFT_VERSION = 4.2;
				TARGETED_DEVICE_FAMILY = "1,2";
				TEST_HOST = "$(BUILT_PRODUCTS_DIR)/QuizApp.app/QuizApp";
			};
			name = Release;
		};
		862D987C2481F92E0013331F /* Debug */ = {
			isa = XCBuildConfiguration;
			buildSettings = {
				ALWAYS_EMBED_SWIFT_STANDARD_LIBRARIES = YES;
				CODE_SIGN_STYLE = Automatic;
				DEVELOPMENT_TEAM = QCQB8X6PBG;
				INFOPLIST_FILE = QuizAppUITests/Info.plist;
				LD_RUNPATH_SEARCH_PATHS = (
					"$(inherited)",
					"@executable_path/Frameworks",
					"@loader_path/Frameworks",
				);
				PRODUCT_BUNDLE_IDENTIFIER = ada.QuizAppUITests;
				PRODUCT_NAME = "$(TARGET_NAME)";
				SWIFT_VERSION = 4.2;
				TARGETED_DEVICE_FAMILY = "1,2";
				TEST_TARGET_NAME = QuizApp;
			};
			name = Debug;
		};
		862D987D2481F92E0013331F /* Release */ = {
			isa = XCBuildConfiguration;
			buildSettings = {
				ALWAYS_EMBED_SWIFT_STANDARD_LIBRARIES = YES;
				CODE_SIGN_STYLE = Automatic;
				DEVELOPMENT_TEAM = QCQB8X6PBG;
				INFOPLIST_FILE = QuizAppUITests/Info.plist;
				LD_RUNPATH_SEARCH_PATHS = (
					"$(inherited)",
					"@executable_path/Frameworks",
					"@loader_path/Frameworks",
				);
				PRODUCT_BUNDLE_IDENTIFIER = ada.QuizAppUITests;
				PRODUCT_NAME = "$(TARGET_NAME)";
				SWIFT_VERSION = 4.2;
				TARGETED_DEVICE_FAMILY = "1,2";
				TEST_TARGET_NAME = QuizApp;
			};
			name = Release;
		};
/* End XCBuildConfiguration section */

/* Begin XCConfigurationList section */
		862D98482481F9260013331F /* Build configuration list for PBXProject "QuizApp" */ = {
			isa = XCConfigurationList;
			buildConfigurations = (
				862D98732481F92D0013331F /* Debug */,
				862D98742481F92E0013331F /* Release */,
			);
			defaultConfigurationIsVisible = 0;
			defaultConfigurationName = Release;
		};
		862D98752481F92E0013331F /* Build configuration list for PBXNativeTarget "QuizApp" */ = {
			isa = XCConfigurationList;
			buildConfigurations = (
				862D98762481F92E0013331F /* Debug */,
				862D98772481F92E0013331F /* Release */,
			);
			defaultConfigurationIsVisible = 0;
			defaultConfigurationName = Release;
		};
		862D98782481F92E0013331F /* Build configuration list for PBXNativeTarget "QuizAppTests" */ = {
			isa = XCConfigurationList;
			buildConfigurations = (
				862D98792481F92E0013331F /* Debug */,
				862D987A2481F92E0013331F /* Release */,
			);
			defaultConfigurationIsVisible = 0;
			defaultConfigurationName = Release;
		};
		862D987B2481F92E0013331F /* Build configuration list for PBXNativeTarget "QuizAppUITests" */ = {
			isa = XCConfigurationList;
			buildConfigurations = (
				862D987C2481F92E0013331F /* Debug */,
				862D987D2481F92E0013331F /* Release */,
			);
			defaultConfigurationIsVisible = 0;
			defaultConfigurationName = Release;
		};
/* End XCConfigurationList section */
	};
	rootObject = 862D98452481F9260013331F /* Project object */;
}
